
Microsoft Visual Studio Solution File, Format Version 12.00
# Visual Studio Version 17
VisualStudioVersion = 17.5.33414.496
MinimumVisualStudioVersion = 10.0.40219.1
Project("{FAE04EC0-301F-11D3-BF4B-00C04F79EFBC}") = "Inheritance", "Inheritance.csproj", "{EB380553-D0DE-4D4B-9E05-E5F216F52CC6}"
EndProject
Global
	GlobalSection(SolutionConfigurationPlatforms) = preSolution
		Debug|Any CPU = Debug|Any CPU
		Release|Any CPU = Release|Any CPU
	EndGlobalSection
	GlobalSection(ProjectConfigurationPlatforms) = postSolution
		{EB380553-D0DE-4D4B-9E05-E5F216F52CC6}.Debug|Any CPU.ActiveCfg = Debug|Any CPU
		{EB380553-D0DE-4D4B-9E05-E5F216F52CC6}.Debug|Any CPU.Build.0 = Debug|Any CPU
		{EB380553-D0DE-4D4B-9E05-E5F216F52CC6}.Release|Any CPU.ActiveCfg = Release|Any CPU
		{EB380553-D0DE-4D4B-9E05-E5F216F52CC6}.Release|Any CPU.Build.0 = Release|Any CPU
	EndGlobalSection
	GlobalSection(SolutionProperties) = preSolution
		HideSolutionNode = FALSE
	EndGlobalSection
	GlobalSection(ExtensibilityGlobals) = postSolution
		SolutionGuid = {85DD22A4-C154-4A82-96A8-E6A99D9AFD28}
	EndGlobalSection
EndGlobal
